// !$*UTF8*$!
{
	archiveVersion = 1;
	classes = {
	};
	objectVersion = 46;
	objects = {

/* Begin PBXBuildFile section */
		34680D2C1CA3889C00BE176B /* main.m in Sources */ = {isa = PBXBuildFile; fileRef = 34680D2B1CA3889C00BE176B /* main.m */; };
		34680D2F1CA3889C00BE176B /* AppDelegate.m in Sources */ = {isa = PBXBuildFile; fileRef = 34680D2E1CA3889C00BE176B /* AppDelegate.m */; };
		34680D321CA3889C00BE176B /* ViewController.m in Sources */ = {isa = PBXBuildFile; fileRef = 34680D311CA3889C00BE176B /* ViewController.m */; };
		34680D351CA3889C00BE176B /* Main.storyboard in Resources */ = {isa = PBXBuildFile; fileRef = 34680D331CA3889C00BE176B /* Main.storyboard */; };
		34680D371CA3889C00BE176B /* Assets.xcassets in Resources */ = {isa = PBXBuildFile; fileRef = 34680D361CA3889C00BE176B /* Assets.xcassets */; };
		34680D3A1CA3889C00BE176B /* LaunchScreen.storyboard in Resources */ = {isa = PBXBuildFile; fileRef = 34680D381CA3889C00BE176B /* LaunchScreen.storyboard */; };
		34680D451CA3889C00BE176B /* __________Tests.m in Sources */ = {isa = PBXBuildFile; fileRef = 34680D441CA3889C00BE176B /* __________Tests.m */; };
		34680D501CA3889C00BE176B /* __________UITests.m in Sources */ = {isa = PBXBuildFile; fileRef = 34680D4F1CA3889C00BE176B /* __________UITests.m */; };
		34680D671CA3892F00BE176B /* addMatters@2x.png in Resources */ = {isa = PBXBuildFile; fileRef = 34680D5E1CA3892F00BE176B /* addMatters@2x.png */; };
		34680D681CA3892F00BE176B /* addMatters@3x.png in Resources */ = {isa = PBXBuildFile; fileRef = 34680D5F1CA3892F00BE176B /* addMatters@3x.png */; };
		34680D691CA3892F00BE176B /* addSchedule@2x.png in Resources */ = {isa = PBXBuildFile; fileRef = 34680D601CA3892F00BE176B /* addSchedule@2x.png */; };
		34680D6A1CA3892F00BE176B /* addSchedule@3x.png in Resources */ = {isa = PBXBuildFile; fileRef = 34680D611CA3892F00BE176B /* addSchedule@3x.png */; };
		34680D6B1CA3892F00BE176B /* bg.png in Resources */ = {isa = PBXBuildFile; fileRef = 34680D621CA3892F00BE176B /* bg.png */; };
		34680D6C1CA3892F00BE176B /* searchContacts@2x.png in Resources */ = {isa = PBXBuildFile; fileRef = 34680D631CA3892F00BE176B /* searchContacts@2x.png */; };
		34680D6D1CA3892F00BE176B /* searchContacts@3x.png in Resources */ = {isa = PBXBuildFile; fileRef = 34680D641CA3892F00BE176B /* searchContacts@3x.png */; };
		34680D6E1CA3892F00BE176B /* setupChat@2x.png in Resources */ = {isa = PBXBuildFile; fileRef = 34680D651CA3892F00BE176B /* setupChat@2x.png */; };
		34680D6F1CA3892F00BE176B /* setupChat@3x.png in Resources */ = {isa = PBXBuildFile; fileRef = 34680D661CA3892F00BE176B /* setupChat@3x.png */; };
		34680D781CA3931A00BE176B /* MenuPage.m in Sources */ = {isa = PBXBuildFile; fileRef = 34680D771CA3931A00BE176B /* MenuPage.m */; };
		34680D7B1CA3D59200BE176B /* toolbar_stop_highlighted@2x.png in Resources */ = {isa = PBXBuildFile; fileRef = 34680D791CA3D59200BE176B /* toolbar_stop_highlighted@2x.png */; };
		34680D7C1CA3D59200BE176B /* toolbar_stop_highlighted@3x.png in Resources */ = {isa = PBXBuildFile; fileRef = 34680D7A1CA3D59200BE176B /* toolbar_stop_highlighted@3x.png */; };
		34680D871CA3D5FF00BE176B /* tabbar_compose_idea@2x.png in Resources */ = {isa = PBXBuildFile; fileRef = 34680D7D1CA3D5FF00BE176B /* tabbar_compose_idea@2x.png */; };
		34680D881CA3D5FF00BE176B /* tabbar_compose_idea@3x.png in Resources */ = {isa = PBXBuildFile; fileRef = 34680D7E1CA3D5FF00BE176B /* tabbar_compose_idea@3x.png */; };
		34680D891CA3D5FF00BE176B /* tabbar_compose_lbs@2x.png in Resources */ = {isa = PBXBuildFile; fileRef = 34680D7F1CA3D5FF00BE176B /* tabbar_compose_lbs@2x.png */; };
		34680D8A1CA3D5FF00BE176B /* tabbar_compose_lbs@3x.png in Resources */ = {isa = PBXBuildFile; fileRef = 34680D801CA3D5FF00BE176B /* tabbar_compose_lbs@3x.png */; };
		34680D8B1CA3D5FF00BE176B /* tabbar_compose_more@2x.png in Resources */ = {isa = PBXBuildFile; fileRef = 34680D811CA3D5FF00BE176B /* tabbar_compose_more@2x.png */; };
		34680D8C1CA3D5FF00BE176B /* tabbar_compose_more@3x.png in Resources */ = {isa = PBXBuildFile; fileRef = 34680D821CA3D5FF00BE176B /* tabbar_compose_more@3x.png */; };
		34680D8D1CA3D5FF00BE176B /* tabbar_compose_photo@2x.png in Resources */ = {isa = PBXBuildFile; fileRef = 34680D831CA3D5FF00BE176B /* tabbar_compose_photo@2x.png */; };
		34680D8E1CA3D5FF00BE176B /* tabbar_compose_photo@3x.png in Resources */ = {isa = PBXBuildFile; fileRef = 34680D841CA3D5FF00BE176B /* tabbar_compose_photo@3x.png */; };
		34680D8F1CA3D5FF00BE176B /* tabbar_compose_review@2x.png in Resources */ = {isa = PBXBuildFile; fileRef = 34680D851CA3D5FF00BE176B /* tabbar_compose_review@2x.png */; };
		34680D901CA3D5FF00BE176B /* tabbar_compose_review@3x.png in Resources */ = {isa = PBXBuildFile; fileRef = 34680D861CA3D5FF00BE176B /* tabbar_compose_review@3x.png */; };
		34680D951CA3D62F00BE176B /* tabbar_compose_headlines@2x.png in Resources */ = {isa = PBXBuildFile; fileRef = 34680D911CA3D62F00BE176B /* tabbar_compose_headlines@2x.png */; };
		34680D961CA3D62F00BE176B /* tabbar_compose_headlines@3x.png in Resources */ = {isa = PBXBuildFile; fileRef = 34680D921CA3D62F00BE176B /* tabbar_compose_headlines@3x.png */; };
		34680D971CA3D62F00BE176B /* tabbar_compose_icon_add_highlighted@2x.png in Resources */ = {isa = PBXBuildFile; fileRef = 34680D931CA3D62F00BE176B /* tabbar_compose_icon_add_highlighted@2x.png */; };
		34680D981CA3D62F00BE176B /* tabbar_compose_icon_add_highlighted@3x.png in Resources */ = {isa = PBXBuildFile; fileRef = 34680D941CA3D62F00BE176B /* tabbar_compose_icon_add_highlighted@3x.png */; };
		34680D9A1CA3D73A00BE176B /* compose_slogan@2x.png in Resources */ = {isa = PBXBuildFile; fileRef = 34680D991CA3D73A00BE176B /* compose_slogan@2x.png */; };
		34680D9D1CA3E94500BE176B /* WeChat_1458811293.png in Resources */ = {isa = PBXBuildFile; fileRef = 34680D9C1CA3E94500BE176B /* WeChat_1458811293.png */; };
/* End PBXBuildFile section */

/* Begin PBXContainerItemProxy section */
		34680D411CA3889C00BE176B /* PBXContainerItemProxy */ = {
			isa = PBXContainerItemProxy;
			containerPortal = 34680D1F1CA3889C00BE176B /* Project object */;
			proxyType = 1;
			remoteGlobalIDString = 34680D261CA3889C00BE176B;
			remoteInfo = "仿新浪微博加号毛玻璃";
		};
		34680D4C1CA3889C00BE176B /* PBXContainerItemProxy */ = {
			isa = PBXContainerItemProxy;
			containerPortal = 34680D1F1CA3889C00BE176B /* Project object */;
			proxyType = 1;
			remoteGlobalIDString = 34680D261CA3889C00BE176B;
			remoteInfo = "仿新浪微博加号毛玻璃";
		};
/* End PBXContainerItemProxy section */

/* Begin PBXFileReference section */
		34680D271CA3889C00BE176B /* 仿新浪微博加号毛玻璃.app */ = {isa = PBXFileReference; explicitFileType = wrapper.application; includeInIndex = 0; path = "仿新浪微博加号毛玻璃.app"; sourceTree = BUILT_PRODUCTS_DIR; };
		34680D2B1CA3889C00BE176B /* main.m */ = {isa = PBXFileReference; lastKnownFileType = sourcecode.c.objc; path = main.m; sourceTree = "<group>"; };
		34680D2D1CA3889C00BE176B /* AppDelegate.h */ = {isa = PBXFileReference; lastKnownFileType = sourcecode.c.h; path = AppDelegate.h; sourceTree = "<group>"; };
		34680D2E1CA3889C00BE176B /* AppDelegate.m */ = {isa = PBXFileReference; lastKnownFileType = sourcecode.c.objc; path = AppDelegate.m; sourceTree = "<group>"; };
		34680D301CA3889C00BE176B /* ViewController.h */ = {isa = PBXFileReference; lastKnownFileType = sourcecode.c.h; path = ViewController.h; sourceTree = "<group>"; };
		34680D311CA3889C00BE176B /* ViewController.m */ = {isa = PBXFileReference; lastKnownFileType = sourcecode.c.objc; path = ViewController.m; sourceTree = "<group>"; };
		34680D341CA3889C00BE176B /* Base */ = {isa = PBXFileReference; lastKnownFileType = file.storyboard; name = Base; path = Base.lproj/Main.storyboard; sourceTree = "<group>"; };
		34680D361CA3889C00BE176B /* Assets.xcassets */ = {isa = PBXFileReference; lastKnownFileType = folder.assetcatalog; path = Assets.xcassets; sourceTree = "<group>"; };
		34680D391CA3889C00BE176B /* Base */ = {isa = PBXFileReference; lastKnownFileType = file.storyboard; name = Base; path = Base.lproj/LaunchScreen.storyboard; sourceTree = "<group>"; };
		34680D3B1CA3889C00BE176B /* Info.plist */ = {isa = PBXFileReference; lastKnownFileType = text.plist.xml; path = Info.plist; sourceTree = "<group>"; };
		34680D401CA3889C00BE176B /* 仿新浪微博加号毛玻璃Tests.xctest */ = {isa = PBXFileReference; explicitFileType = wrapper.cfbundle; includeInIndex = 0; path = "仿新浪微博加号毛玻璃Tests.xctest"; sourceTree = BUILT_PRODUCTS_DIR; };
		34680D441CA3889C00BE176B /* __________Tests.m */ = {isa = PBXFileReference; lastKnownFileType = sourcecode.c.objc; path = "__________Tests.m"; sourceTree = "<group>"; };
		34680D461CA3889C00BE176B /* Info.plist */ = {isa = PBXFileReference; lastKnownFileType = text.plist.xml; path = Info.plist; sourceTree = "<group>"; };
		34680D4B1CA3889C00BE176B /* 仿新浪微博加号毛玻璃UITests.xctest */ = {isa = PBXFileReference; explicitFileType = wrapper.cfbundle; includeInIndex = 0; path = "仿新浪微博加号毛玻璃UITests.xctest"; sourceTree = BUILT_PRODUCTS_DIR; };
		34680D4F1CA3889C00BE176B /* __________UITests.m */ = {isa = PBXFileReference; lastKnownFileType = sourcecode.c.objc; path = "__________UITests.m"; sourceTree = "<group>"; };
		34680D511CA3889C00BE176B /* Info.plist */ = {isa = PBXFileReference; lastKnownFileType = text.plist.xml; path = Info.plist; sourceTree = "<group>"; };
		34680D5E1CA3892F00BE176B /* addMatters@2x.png */ = {isa = PBXFileReference; lastKnownFileType = image.png; path = "addMatters@2x.png"; sourceTree = "<group>"; };
		34680D5F1CA3892F00BE176B /* addMatters@3x.png */ = {isa = PBXFileReference; lastKnownFileType = image.png; path = "addMatters@3x.png"; sourceTree = "<group>"; };
		34680D601CA3892F00BE176B /* addSchedule@2x.png */ = {isa = PBXFileReference; lastKnownFileType = image.png; path = "addSchedule@2x.png"; sourceTree = "<group>"; };
		34680D611CA3892F00BE176B /* addSchedule@3x.png */ = {isa = PBXFileReference; lastKnownFileType = image.png; path = "addSchedule@3x.png"; sourceTree = "<group>"; };
		34680D621CA3892F00BE176B /* bg.png */ = {isa = PBXFileReference; lastKnownFileType = image.png; path = bg.png; sourceTree = "<group>"; };
		34680D631CA3892F00BE176B /* searchContacts@2x.png */ = {isa = PBXFileReference; lastKnownFileType = image.png; path = "searchContacts@2x.png"; sourceTree = "<group>"; };
		34680D641CA3892F00BE176B /* searchContacts@3x.png */ = {isa = PBXFileReference; lastKnownFileType = image.png; path = "searchContacts@3x.png"; sourceTree = "<group>"; };
		34680D651CA3892F00BE176B /* setupChat@2x.png */ = {isa = PBXFileReference; lastKnownFileType = image.png; path = "setupChat@2x.png"; sourceTree = "<group>"; };
		34680D661CA3892F00BE176B /* setupChat@3x.png */ = {isa = PBXFileReference; lastKnownFileType = image.png; path = "setupChat@3x.png"; sourceTree = "<group>"; };
		34680D761CA3931A00BE176B /* MenuPage.h */ = {isa = PBXFileReference; fileEncoding = 4; lastKnownFileType = sourcecode.c.h; path = MenuPage.h; sourceTree = "<group>"; };
		34680D771CA3931A00BE176B /* MenuPage.m */ = {isa = PBXFileReference; fileEncoding = 4; lastKnownFileType = sourcecode.c.objc; path = MenuPage.m; sourceTree = "<group>"; };
		34680D791CA3D59200BE176B /* toolbar_stop_highlighted@2x.png */ = {isa = PBXFileReference; lastKnownFileType = image.png; path = "toolbar_stop_highlighted@2x.png"; sourceTree = "<group>"; };
		34680D7A1CA3D59200BE176B /* toolbar_stop_highlighted@3x.png */ = {isa = PBXFileReference; lastKnownFileType = image.png; path = "toolbar_stop_highlighted@3x.png"; sourceTree = "<group>"; };
		34680D7D1CA3D5FF00BE176B /* tabbar_compose_idea@2x.png */ = {isa = PBXFileReference; lastKnownFileType = image.png; path = "tabbar_compose_idea@2x.png"; sourceTree = "<group>"; };
		34680D7E1CA3D5FF00BE176B /* tabbar_compose_idea@3x.png */ = {isa = PBXFileReference; lastKnownFileType = image.png; path = "tabbar_compose_idea@3x.png"; sourceTree = "<group>"; };
		34680D7F1CA3D5FF00BE176B /* tabbar_compose_lbs@2x.png */ = {isa = PBXFileReference; lastKnownFileType = image.png; path = "tabbar_compose_lbs@2x.png"; sourceTree = "<group>"; };
		34680D801CA3D5FF00BE176B /* tabbar_compose_lbs@3x.png */ = {isa = PBXFileReference; lastKnownFileType = image.png; path = "tabbar_compose_lbs@3x.png"; sourceTree = "<group>"; };
		34680D811CA3D5FF00BE176B /* tabbar_compose_more@2x.png */ = {isa = PBXFileReference; lastKnownFileType = image.png; path = "tabbar_compose_more@2x.png"; sourceTree = "<group>"; };
		34680D821CA3D5FF00BE176B /* tabbar_compose_more@3x.png */ = {isa = PBXFileReference; lastKnownFileType = image.png; path = "tabbar_compose_more@3x.png"; sourceTree = "<group>"; };
		34680D831CA3D5FF00BE176B /* tabbar_compose_photo@2x.png */ = {isa = PBXFileReference; lastKnownFileType = image.png; path = "tabbar_compose_photo@2x.png"; sourceTree = "<group>"; };
		34680D841CA3D5FF00BE176B /* tabbar_compose_photo@3x.png */ = {isa = PBXFileReference; lastKnownFileType = image.png; path = "tabbar_compose_photo@3x.png"; sourceTree = "<group>"; };
		34680D851CA3D5FF00BE176B /* tabbar_compose_review@2x.png */ = {isa = PBXFileReference; lastKnownFileType = image.png; path = "tabbar_compose_review@2x.png"; sourceTree = "<group>"; };
		34680D861CA3D5FF00BE176B /* tabbar_compose_review@3x.png */ = {isa = PBXFileReference; lastKnownFileType = image.png; path = "tabbar_compose_review@3x.png"; sourceTree = "<group>"; };
		34680D911CA3D62F00BE176B /* tabbar_compose_headlines@2x.png */ = {isa = PBXFileReference; lastKnownFileType = image.png; path = "tabbar_compose_headlines@2x.png"; sourceTree = "<group>"; };
		34680D921CA3D62F00BE176B /* tabbar_compose_headlines@3x.png */ = {isa = PBXFileReference; lastKnownFileType = image.png; path = "tabbar_compose_headlines@3x.png"; sourceTree = "<group>"; };
		34680D931CA3D62F00BE176B /* tabbar_compose_icon_add_highlighted@2x.png */ = {isa = PBXFileReference; lastKnownFileType = image.png; path = "tabbar_compose_icon_add_highlighted@2x.png"; sourceTree = "<group>"; };
		34680D941CA3D62F00BE176B /* tabbar_compose_icon_add_highlighted@3x.png */ = {isa = PBXFileReference; lastKnownFileType = image.png; path = "tabbar_compose_icon_add_highlighted@3x.png"; sourceTree = "<group>"; };
		34680D991CA3D73A00BE176B /* compose_slogan@2x.png */ = {isa = PBXFileReference; lastKnownFileType = image.png; path = "compose_slogan@2x.png"; sourceTree = "<group>"; };
		34680D9C1CA3E94500BE176B /* WeChat_1458811293.png */ = {isa = PBXFileReference; lastKnownFileType = image.png; path = WeChat_1458811293.png; sourceTree = "<group>"; };
/* End PBXFileReference section */

/* Begin PBXFrameworksBuildPhase section */
		34680D241CA3889C00BE176B /* Frameworks */ = {
			isa = PBXFrameworksBuildPhase;
			buildActionMask = 2147483647;
			files = (
			);
			runOnlyForDeploymentPostprocessing = 0;
		};
		34680D3D1CA3889C00BE176B /* Frameworks */ = {
			isa = PBXFrameworksBuildPhase;
			buildActionMask = 2147483647;
			files = (
			);
			runOnlyForDeploymentPostprocessing = 0;
		};
		34680D481CA3889C00BE176B /* Frameworks */ = {
			isa = PBXFrameworksBuildPhase;
			buildActionMask = 2147483647;
			files = (
			);
			runOnlyForDeploymentPostprocessing = 0;
		};
/* End PBXFrameworksBuildPhase section */

/* Begin PBXGroup section */
		34680D1E1CA3889C00BE176B = {
			isa = PBXGroup;
			children = (
				34680D291CA3889C00BE176B /* 仿新浪微博加号毛玻璃 */,
				34680D431CA3889C00BE176B /* 仿新浪微博加号毛玻璃Tests */,
				34680D4E1CA3889C00BE176B /* 仿新浪微博加号毛玻璃UITests */,
				34680D281CA3889C00BE176B /* Products */,
			);
			sourceTree = "<group>";
		};
		34680D281CA3889C00BE176B /* Products */ = {
			isa = PBXGroup;
			children = (
				34680D271CA3889C00BE176B /* 仿新浪微博加号毛玻璃.app */,
				34680D401CA3889C00BE176B /* 仿新浪微博加号毛玻璃Tests.xctest */,
				34680D4B1CA3889C00BE176B /* 仿新浪微博加号毛玻璃UITests.xctest */,
			);
			name = Products;
			sourceTree = "<group>";
		};
		34680D291CA3889C00BE176B /* 仿新浪微博加号毛玻璃 */ = {
			isa = PBXGroup;
			children = (
				34680D5D1CA388CE00BE176B /* Resources */,
				34680D2D1CA3889C00BE176B /* AppDelegate.h */,
				34680D2E1CA3889C00BE176B /* AppDelegate.m */,
				34680D301CA3889C00BE176B /* ViewController.h */,
				34680D311CA3889C00BE176B /* ViewController.m */,
				34680D761CA3931A00BE176B /* MenuPage.h */,
				34680D771CA3931A00BE176B /* MenuPage.m */,
				34680D331CA3889C00BE176B /* Main.storyboard */,
				34680D361CA3889C00BE176B /* Assets.xcassets */,
				34680D381CA3889C00BE176B /* LaunchScreen.storyboard */,
				34680D3B1CA3889C00BE176B /* Info.plist */,
				34680D2A1CA3889C00BE176B /* Supporting Files */,
			);
			path = "仿新浪微博加号毛玻璃";
			sourceTree = "<group>";
		};
		34680D2A1CA3889C00BE176B /* Supporting Files */ = {
			isa = PBXGroup;
			children = (
				34680D2B1CA3889C00BE176B /* main.m */,
			);
			name = "Supporting Files";
			sourceTree = "<group>";
		};
		34680D431CA3889C00BE176B /* 仿新浪微博加号毛玻璃Tests */ = {
			isa = PBXGroup;
			children = (
				34680D441CA3889C00BE176B /* __________Tests.m */,
				34680D461CA3889C00BE176B /* Info.plist */,
			);
			path = "仿新浪微博加号毛玻璃Tests";
			sourceTree = "<group>";
		};
		34680D4E1CA3889C00BE176B /* 仿新浪微博加号毛玻璃UITests */ = {
			isa = PBXGroup;
			children = (
				34680D4F1CA3889C00BE176B /* __________UITests.m */,
				34680D511CA3889C00BE176B /* Info.plist */,
			);
			path = "仿新浪微博加号毛玻璃UITests";
			sourceTree = "<group>";
		};
		34680D5D1CA388CE00BE176B /* Resources */ = {
			isa = PBXGroup;
			children = (
				34680D9C1CA3E94500BE176B /* WeChat_1458811293.png */,
				34680D991CA3D73A00BE176B /* compose_slogan@2x.png */,
				34680D911CA3D62F00BE176B /* tabbar_compose_headlines@2x.png */,
				34680D921CA3D62F00BE176B /* tabbar_compose_headlines@3x.png */,
				34680D931CA3D62F00BE176B /* tabbar_compose_icon_add_highlighted@2x.png */,
				34680D941CA3D62F00BE176B /* tabbar_compose_icon_add_highlighted@3x.png */,
				34680D7D1CA3D5FF00BE176B /* tabbar_compose_idea@2x.png */,
				34680D7E1CA3D5FF00BE176B /* tabbar_compose_idea@3x.png */,
				34680D7F1CA3D5FF00BE176B /* tabbar_compose_lbs@2x.png */,
				34680D801CA3D5FF00BE176B /* tabbar_compose_lbs@3x.png */,
				34680D811CA3D5FF00BE176B /* tabbar_compose_more@2x.png */,
				34680D821CA3D5FF00BE176B /* tabbar_compose_more@3x.png */,
				34680D831CA3D5FF00BE176B /* tabbar_compose_photo@2x.png */,
				34680D841CA3D5FF00BE176B /* tabbar_compose_photo@3x.png */,
				34680D851CA3D5FF00BE176B /* tabbar_compose_review@2x.png */,
				34680D861CA3D5FF00BE176B /* tabbar_compose_review@3x.png */,
				34680D791CA3D59200BE176B /* toolbar_stop_highlighted@2x.png */,
				34680D7A1CA3D59200BE176B /* toolbar_stop_highlighted@3x.png */,
				34680D5E1CA3892F00BE176B /* addMatters@2x.png */,
				34680D5F1CA3892F00BE176B /* addMatters@3x.png */,
				34680D601CA3892F00BE176B /* addSchedule@2x.png */,
				34680D611CA3892F00BE176B /* addSchedule@3x.png */,
				34680D621CA3892F00BE176B /* bg.png */,
				34680D631CA3892F00BE176B /* searchContacts@2x.png */,
				34680D641CA3892F00BE176B /* searchContacts@3x.png */,
				34680D651CA3892F00BE176B /* setupChat@2x.png */,
				34680D661CA3892F00BE176B /* setupChat@3x.png */,
			);
			path = Resources;
			sourceTree = "<group>";
		};
/* End PBXGroup section */

/* Begin PBXNativeTarget section */
		34680D261CA3889C00BE176B /* 仿新浪微博加号毛玻璃 */ = {
			isa = PBXNativeTarget;
			buildConfigurationList = 34680D541CA3889C00BE176B /* Build configuration list for PBXNativeTarget "仿新浪微博加号毛玻璃" */;
			buildPhases = (
				34680D231CA3889C00BE176B /* Sources */,
				34680D241CA3889C00BE176B /* Frameworks */,
				34680D251CA3889C00BE176B /* Resources */,
			);
			buildRules = (
			);
			dependencies = (
			);
			name = "仿新浪微博加号毛玻璃";
			productName = "仿新浪微博加号毛玻璃";
			productReference = 34680D271CA3889C00BE176B /* 仿新浪微博加号毛玻璃.app */;
			productType = "com.apple.product-type.application";
		};
		34680D3F1CA3889C00BE176B /* 仿新浪微博加号毛玻璃Tests */ = {
			isa = PBXNativeTarget;
			buildConfigurationList = 34680D571CA3889C00BE176B /* Build configuration list for PBXNativeTarget "仿新浪微博加号毛玻璃Tests" */;
			buildPhases = (
				34680D3C1CA3889C00BE176B /* Sources */,
				34680D3D1CA3889C00BE176B /* Frameworks */,
				34680D3E1CA3889C00BE176B /* Resources */,
			);
			buildRules = (
			);
			dependencies = (
				34680D421CA3889C00BE176B /* PBXTargetDependency */,
			);
			name = "仿新浪微博加号毛玻璃Tests";
			productName = "仿新浪微博加号毛玻璃Tests";
			productReference = 34680D401CA3889C00BE176B /* 仿新浪微博加号毛玻璃Tests.xctest */;
			productType = "com.apple.product-type.bundle.unit-test";
		};
		34680D4A1CA3889C00BE176B /* 仿新浪微博加号毛玻璃UITests */ = {
			isa = PBXNativeTarget;
			buildConfigurationList = 34680D5A1CA3889C00BE176B /* Build configuration list for PBXNativeTarget "仿新浪微博加号毛玻璃UITests" */;
			buildPhases = (
				34680D471CA3889C00BE176B /* Sources */,
				34680D481CA3889C00BE176B /* Frameworks */,
				34680D491CA3889C00BE176B /* Resources */,
			);
			buildRules = (
			);
			dependencies = (
				34680D4D1CA3889C00BE176B /* PBXTargetDependency */,
			);
			name = "仿新浪微博加号毛玻璃UITests";
			productName = "仿新浪微博加号毛玻璃UITests";
			productReference = 34680D4B1CA3889C00BE176B /* 仿新浪微博加号毛玻璃UITests.xctest */;
			productType = "com.apple.product-type.bundle.ui-testing";
		};
/* End PBXNativeTarget section */

/* Begin PBXProject section */
		34680D1F1CA3889C00BE176B /* Project object */ = {
			isa = PBXProject;
			attributes = {
				LastUpgradeCheck = 0720;
				ORGANIZATIONNAME = zhangXu;
				TargetAttributes = {
					34680D261CA3889C00BE176B = {
						CreatedOnToolsVersion = 7.2;
					};
					34680D3F1CA3889C00BE176B = {
						CreatedOnToolsVersion = 7.2;
						TestTargetID = 34680D261CA3889C00BE176B;
					};
					34680D4A1CA3889C00BE176B = {
						CreatedOnToolsVersion = 7.2;
						TestTargetID = 34680D261CA3889C00BE176B;
					};
				};
			};
			buildConfigurationList = 34680D221CA3889C00BE176B /* Build configuration list for PBXProject "仿新浪微博加号毛玻璃" */;
			compatibilityVersion = "Xcode 3.2";
			developmentRegion = English;
			hasScannedForEncodings = 0;
			knownRegions = (
				en,
				Base,
			);
			mainGroup = 34680D1E1CA3889C00BE176B;
			productRefGroup = 34680D281CA3889C00BE176B /* Products */;
			projectDirPath = "";
			projectRoot = "";
			targets = (
				34680D261CA3889C00BE176B /* 仿新浪微博加号毛玻璃 */,
				34680D3F1CA3889C00BE176B /* 仿新浪微博加号毛玻璃Tests */,
				34680D4A1CA3889C00BE176B /* 仿新浪微博加号毛玻璃UITests */,
			);
		};
/* End PBXProject section */

/* Begin PBXResourcesBuildPhase section */
		34680D251CA3889C00BE176B /* Resources */ = {
			isa = PBXResourcesBuildPhase;
			buildActionMask = 2147483647;
			files = (
				34680D7B1CA3D59200BE176B /* toolbar_stop_highlighted@2x.png in Resources */,
				34680D9D1CA3E94500BE176B /* WeChat_1458811293.png in Resources */,
				34680D891CA3D5FF00BE176B /* tabbar_compose_lbs@2x.png in Resources */,
				34680D6C1CA3892F00BE176B /* searchContacts@2x.png in Resources */,
				34680D8D1CA3D5FF00BE176B /* tabbar_compose_photo@2x.png in Resources */,
				34680D8F1CA3D5FF00BE176B /* tabbar_compose_review@2x.png in Resources */,
				34680D3A1CA3889C00BE176B /* LaunchScreen.storyboard in Resources */,
				34680D961CA3D62F00BE176B /* tabbar_compose_headlines@3x.png in Resources */,
				34680D6A1CA3892F00BE176B /* addSchedule@3x.png in Resources */,
				34680D6F1CA3892F00BE176B /* setupChat@3x.png in Resources */,
				34680D8A1CA3D5FF00BE176B /* tabbar_compose_lbs@3x.png in Resources */,
				34680D9A1CA3D73A00BE176B /* compose_slogan@2x.png in Resources */,
				34680D871CA3D5FF00BE176B /* tabbar_compose_idea@2x.png in Resources */,
				34680D6B1CA3892F00BE176B /* bg.png in Resources */,
				34680D6D1CA3892F00BE176B /* searchContacts@3x.png in Resources */,
				34680D971CA3D62F00BE176B /* tabbar_compose_icon_add_highlighted@2x.png in Resources */,
				34680D6E1CA3892F00BE176B /* setupChat@2x.png in Resources */,
				34680D681CA3892F00BE176B /* addMatters@3x.png in Resources */,
				34680D7C1CA3D59200BE176B /* toolbar_stop_highlighted@3x.png in Resources */,
				34680D881CA3D5FF00BE176B /* tabbar_compose_idea@3x.png in Resources */,
				34680D371CA3889C00BE176B /* Assets.xcassets in Resources */,
				34680D8C1CA3D5FF00BE176B /* tabbar_compose_more@3x.png in Resources */,
				34680D951CA3D62F00BE176B /* tabbar_compose_headlines@2x.png in Resources */,
				34680D351CA3889C00BE176B /* Main.storyboard in Resources */,
				34680D671CA3892F00BE176B /* addMatters@2x.png in Resources */,
				34680D901CA3D5FF00BE176B /* tabbar_compose_review@3x.png in Resources */,
				34680D691CA3892F00BE176B /* addSchedule@2x.png in Resources */,
				34680D981CA3D62F00BE176B /* tabbar_compose_icon_add_highlighted@3x.png in Resources */,
				34680D8B1CA3D5FF00BE176B /* tabbar_compose_more@2x.png in Resources */,
				34680D8E1CA3D5FF00BE176B /* tabbar_compose_photo@3x.png in Resources */,
			);
			runOnlyForDeploymentPostprocessing = 0;
		};
		34680D3E1CA3889C00BE176B /* Resources */ = {
			isa = PBXResourcesBuildPhase;
			buildActionMask = 2147483647;
			files = (
			);
			runOnlyForDeploymentPostprocessing = 0;
		};
		34680D491CA3889C00BE176B /* Resources */ = {
			isa = PBXResourcesBuildPhase;
			buildActionMask = 2147483647;
			files = (
			);
			runOnlyForDeploymentPostprocessing = 0;
		};
/* End PBXResourcesBuildPhase section */

/* Begin PBXSourcesBuildPhase section */
		34680D231CA3889C00BE176B /* Sources */ = {
			isa = PBXSourcesBuildPhase;
			buildActionMask = 2147483647;
			files = (
				34680D321CA3889C00BE176B /* ViewController.m in Sources */,
				34680D2F1CA3889C00BE176B /* AppDelegate.m in Sources */,
				34680D2C1CA3889C00BE176B /* main.m in Sources */,
				34680D781CA3931A00BE176B /* MenuPage.m in Sources */,
			);
			runOnlyForDeploymentPostprocessing = 0;
		};
		34680D3C1CA3889C00BE176B /* Sources */ = {
			isa = PBXSourcesBuildPhase;
			buildActionMask = 2147483647;
			files = (
				34680D451CA3889C00BE176B /* __________Tests.m in Sources */,
			);
			runOnlyForDeploymentPostprocessing = 0;
		};
		34680D471CA3889C00BE176B /* Sources */ = {
			isa = PBXSourcesBuildPhase;
			buildActionMask = 2147483647;
			files = (
				34680D501CA3889C00BE176B /* __________UITests.m in Sources */,
			);
			runOnlyForDeploymentPostprocessing = 0;
		};
/* End PBXSourcesBuildPhase section */

/* Begin PBXTargetDependency section */
		34680D421CA3889C00BE176B /* PBXTargetDependency */ = {
			isa = PBXTargetDependency;
			target = 34680D261CA3889C00BE176B /* 仿新浪微博加号毛玻璃 */;
			targetProxy = 34680D411CA3889C00BE176B /* PBXContainerItemProxy */;
		};
		34680D4D1CA3889C00BE176B /* PBXTargetDependency */ = {
			isa = PBXTargetDependency;
			target = 34680D261CA3889C00BE176B /* 仿新浪微博加号毛玻璃 */;
			targetProxy = 34680D4C1CA3889C00BE176B /* PBXContainerItemProxy */;
		};
/* End PBXTargetDependency section */

/* Begin PBXVariantGroup section */
		34680D331CA3889C00BE176B /* Main.storyboard */ = {
			isa = PBXVariantGroup;
			children = (
				34680D341CA3889C00BE176B /* Base */,
			);
			name = Main.storyboard;
			sourceTree = "<group>";
		};
		34680D381CA3889C00BE176B /* LaunchScreen.storyboard */ = {
			isa = PBXVariantGroup;
			children = (
				34680D391CA3889C00BE176B /* Base */,
			);
			name = LaunchScreen.storyboard;
			sourceTree = "<group>";
		};
/* End PBXVariantGroup section */

/* Begin XCBuildConfiguration section */
		34680D521CA3889C00BE176B /* Debug */ = {
			isa = XCBuildConfiguration;
			buildSettings = {
				ALWAYS_SEARCH_USER_PATHS = NO;
				CLANG_CXX_LANGUAGE_STANDARD = "gnu++0x";
				CLANG_CXX_LIBRARY = "libc++";
				CLANG_ENABLE_MODULES = YES;
				CLANG_ENABLE_OBJC_ARC = YES;
				CLANG_WARN_BOOL_CONVERSION = YES;
				CLANG_WARN_CONSTANT_CONVERSION = YES;
				CLANG_WARN_DIRECT_OBJC_ISA_USAGE = YES_ERROR;
				CLANG_WARN_EMPTY_BODY = YES;
				CLANG_WARN_ENUM_CONVERSION = YES;
				CLANG_WARN_INT_CONVERSION = YES;
				CLANG_WARN_OBJC_ROOT_CLASS = YES_ERROR;
				CLANG_WARN_UNREACHABLE_CODE = YES;
				CLANG_WARN__DUPLICATE_METHOD_MATCH = YES;
				"CODE_SIGN_IDENTITY[sdk=iphoneos*]" = "iPhone Developer";
				COPY_PHASE_STRIP = NO;
				DEBUG_INFORMATION_FORMAT = dwarf;
				ENABLE_STRICT_OBJC_MSGSEND = YES;
				ENABLE_TESTABILITY = YES;
				GCC_C_LANGUAGE_STANDARD = gnu99;
				GCC_DYNAMIC_NO_PIC = NO;
				GCC_NO_COMMON_BLOCKS = YES;
				GCC_OPTIMIZATION_LEVEL = 0;
				GCC_PREPROCESSOR_DEFINITIONS = (
					"DEBUG=1",
					"$(inherited)",
				);
				GCC_WARN_64_TO_32_BIT_CONVERSION = YES;
				GCC_WARN_ABOUT_RETURN_TYPE = YES_ERROR;
				GCC_WARN_UNDECLARED_SELECTOR = YES;
				GCC_WARN_UNINITIALIZED_AUTOS = YES_AGGRESSIVE;
				GCC_WARN_UNUSED_FUNCTION = YES;
				GCC_WARN_UNUSED_VARIABLE = YES;
				IPHONEOS_DEPLOYMENT_TARGET = 9.2;
				MTL_ENABLE_DEBUG_INFO = YES;
				ONLY_ACTIVE_ARCH = YES;
				SDKROOT = iphoneos;
			};
			name = Debug;
		};
		34680D531CA3889C00BE176B /* Release */ = {
			isa = XCBuildConfiguration;
			buildSettings = {
				ALWAYS_SEARCH_USER_PATHS = NO;
				CLANG_CXX_LANGUAGE_STANDARD = "gnu++0x";
				CLANG_CXX_LIBRARY = "libc++";
				CLANG_ENABLE_MODULES = YES;
				CLANG_ENABLE_OBJC_ARC = YES;
				CLANG_WARN_BOOL_CONVERSION = YES;
				CLANG_WARN_CONSTANT_CONVERSION = YES;
				CLANG_WARN_DIRECT_OBJC_ISA_USAGE = YES_ERROR;
				CLANG_WARN_EMPTY_BODY = YES;
				CLANG_WARN_ENUM_CONVERSION = YES;
				CLANG_WARN_INT_CONVERSION = YES;
				CLANG_WARN_OBJC_ROOT_CLASS = YES_ERROR;
				CLANG_WARN_UNREACHABLE_CODE = YES;
				CLANG_WARN__DUPLICATE_METHOD_MATCH = YES;
				"CODE_SIGN_IDENTITY[sdk=iphoneos*]" = "iPhone Developer";
				COPY_PHASE_STRIP = NO;
				DEBUG_INFORMATION_FORMAT = "dwarf-with-dsym";
				ENABLE_NS_ASSERTIONS = NO;
				ENABLE_STRICT_OBJC_MSGSEND = YES;
				GCC_C_LANGUAGE_STANDARD = gnu99;
				GCC_NO_COMMON_BLOCKS = YES;
				GCC_WARN_64_TO_32_BIT_CONVERSION = YES;
				GCC_WARN_ABOUT_RETURN_TYPE = YES_ERROR;
				GCC_WARN_UNDECLARED_SELECTOR = YES;
				GCC_WARN_UNINITIALIZED_AUTOS = YES_AGGRESSIVE;
				GCC_WARN_UNUSED_FUNCTION = YES;
				GCC_WARN_UNUSED_VARIABLE = YES;
				IPHONEOS_DEPLOYMENT_TARGET = 9.2;
				MTL_ENABLE_DEBUG_INFO = NO;
				SDKROOT = iphoneos;
				VALIDATE_PRODUCT = YES;
			};
			name = Release;
		};
		34680D551CA3889C00BE176B /* Debug */ = {
			isa = XCBuildConfiguration;
			buildSettings = {
				ASSETCATALOG_COMPILER_APPICON_NAME = AppIcon;
				INFOPLIST_FILE = "仿新浪微博加号毛玻璃/Info.plist";
				LD_RUNPATH_SEARCH_PATHS = "$(inherited) @executable_path/Frameworks";
				PRODUCT_BUNDLE_IDENTIFIER = "com.ZhangXu.----------";
				PRODUCT_NAME = "$(TARGET_NAME)";
			};
			name = Debug;
		};
		34680D561CA3889C00BE176B /* Release */ = {
			isa = XCBuildConfiguration;
			buildSettings = {
				ASSETCATALOG_COMPILER_APPICON_NAME = AppIcon;
				INFOPLIST_FILE = "仿新浪微博加号毛玻璃/Info.plist";
				LD_RUNPATH_SEARCH_PATHS = "$(inherited) @executable_path/Frameworks";
				PRODUCT_BUNDLE_IDENTIFIER = "com.ZhangXu.----------";
				PRODUCT_NAME = "$(TARGET_NAME)";
			};
			name = Release;
		};
		34680D581CA3889C00BE176B /* Debug */ = {
			isa = XCBuildConfiguration;
			buildSettings = {
				BUNDLE_LOADER = "$(TEST_HOST)";
				INFOPLIST_FILE = "仿新浪微博加号毛玻璃Tests/Info.plist";
				LD_RUNPATH_SEARCH_PATHS = "$(inherited) @executable_path/Frameworks @loader_path/Frameworks";
				PRODUCT_BUNDLE_IDENTIFIER = "com.ZhangXu.----------Tests";
				PRODUCT_NAME = "$(TARGET_NAME)";
				TEST_HOST = "$(BUILT_PRODUCTS_DIR)/仿新浪微博加号毛玻璃.app/仿新浪微博加号毛玻璃";
			};
			name = Debug;
		};
		34680D591CA3889C00BE176B /* Release */ = {
			isa = XCBuildConfiguration;
			buildSettings = {
				BUNDLE_LOADER = "$(TEST_HOST)";
				INFOPLIST_FILE = "仿新浪微博加号毛玻璃Tests/Info.plist";
				LD_RUNPATH_SEARCH_PATHS = "$(inherited) @executable_path/Frameworks @loader_path/Frameworks";
				PRODUCT_BUNDLE_IDENTIFIER = "com.ZhangXu.----------Tests";
				PRODUCT_NAME = "$(TARGET_NAME)";
				TEST_HOST = "$(BUILT_PRODUCTS_DIR)/仿新浪微博加号毛玻璃.app/仿新浪微博加号毛玻璃";
			};
			name = Release;
		};
		34680D5B1CA3889C00BE176B /* Debug */ = {
			isa = XCBuildConfiguration;
			buildSettings = {
				INFOPLIST_FILE = "仿新浪微博加号毛玻璃UITests/Info.plist";
				LD_RUNPATH_SEARCH_PATHS = "$(inherited) @executable_path/Frameworks @loader_path/Frameworks";
				PRODUCT_BUNDLE_IDENTIFIER = "com.ZhangXu.----------UITests";
				PRODUCT_NAME = "$(TARGET_NAME)";
				TEST_TARGET_NAME = "仿新浪微博加号毛玻璃";
				USES_XCTRUNNER = YES;
			};
			name = Debug;
		};
		34680D5C1CA3889C00BE176B /* Release */ = {
			isa = XCBuildConfiguration;
			buildSettings = {
				INFOPLIST_FILE = "仿新浪微博加号毛玻璃UITests/Info.plist";
				LD_RUNPATH_SEARCH_PATHS = "$(inherited) @executable_path/Frameworks @loader_path/Frameworks";
				PRODUCT_BUNDLE_IDENTIFIER = "com.ZhangXu.----------UITests";
				PRODUCT_NAME = "$(TARGET_NAME)";
				TEST_TARGET_NAME = "仿新浪微博加号毛玻璃";
				USES_XCTRUNNER = YES;
			};
			name = Release;
		};
/* End XCBuildConfiguration section */

/* Begin XCConfigurationList section */
		34680D221CA3889C00BE176B /* Build configuration list for PBXProject "仿新浪微博加号毛玻璃" */ = {
			isa = XCConfigurationList;
			buildConfigurations = (
				34680D521CA3889C00BE176B /* Debug */,
				34680D531CA3889C00BE176B /* Release */,
			);
			defaultConfigurationIsVisible = 0;
			defaultConfigurationName = Release;
		};
		34680D541CA3889C00BE176B /* Build configuration list for PBXNativeTarget "仿新浪微博加号毛玻璃" */ = {
			isa = XCConfigurationList;
			buildConfigurations = (
				34680D551CA3889C00BE176B /* Debug */,
				34680D561CA3889C00BE176B /* Release */,
			);
			defaultConfigurationIsVisible = 0;
		};
		34680D571CA3889C00BE176B /* Build configuration list for PBXNativeTarget "仿新浪微博加号毛玻璃Tests" */ = {
			isa = XCConfigurationList;
			buildConfigurations = (
				34680D581CA3889C00BE176B /* Debug */,
				34680D591CA3889C00BE176B /* Release */,
			);
			defaultConfigurationIsVisible = 0;
		};
		34680D5A1CA3889C00BE176B /* Build configuration list for PBXNativeTarget "仿新浪微博加号毛玻璃UITests" */ = {
			isa = XCConfigurationList;
			buildConfigurations = (
				34680D5B1CA3889C00BE176B /* Debug */,
				34680D5C1CA3889C00BE176B /* Release */,
			);
			defaultConfigurationIsVisible = 0;
		};
/* End XCConfigurationList section */
	};
	rootObject = 34680D1F1CA3889C00BE176B /* Project object */;
}
